// !$*UTF8*$!
{
	archiveVersion = 1;
	classes = {
	};
	objectVersion = 50;
	objects = {

/* Begin PBXBuildFile section */
		1A8A3B202608D1AE00434484 /* AppDelegate.swift in Sources */ = {isa = PBXBuildFile; fileRef = 1A8A3B1F2608D1AE00434484 /* AppDelegate.swift */; };
		1A8A3B222608D1AE00434484 /* SceneDelegate.swift in Sources */ = {isa = PBXBuildFile; fileRef = 1A8A3B212608D1AE00434484 /* SceneDelegate.swift */; };
		1A8A3B242608D1AE00434484 /* RecipeaViewController.swift in Sources */ = {isa = PBXBuildFile; fileRef = 1A8A3B232608D1AE00434484 /* RecipeaViewController.swift */; };
		1A8A3B272608D1AE00434484 /* Main.storyboard in Resources */ = {isa = PBXBuildFile; fileRef = 1A8A3B252608D1AE00434484 /* Main.storyboard */; };
		1A8A3B2A2608D1AE00434484 /* Recipea.xcdatamodeld in Sources */ = {isa = PBXBuildFile; fileRef = 1A8A3B282608D1AE00434484 /* Recipea.xcdatamodeld */; };
		1A8A3B2C2608D1B400434484 /* Assets.xcassets in Resources */ = {isa = PBXBuildFile; fileRef = 1A8A3B2B2608D1B400434484 /* Assets.xcassets */; };
		1A8A3B2F2608D1B400434484 /* LaunchScreen.storyboard in Resources */ = {isa = PBXBuildFile; fileRef = 1A8A3B2D2608D1B400434484 /* LaunchScreen.storyboard */; };
		1A8A3B3A2608E88600434484 /* DiscoverViewController.swift in Sources */ = {isa = PBXBuildFile; fileRef = 1A8A3B392608E88600434484 /* DiscoverViewController.swift */; };
		1A8A3B3C2608E8B400434484 /* DiscoverCategoryViewController.swift in Sources */ = {isa = PBXBuildFile; fileRef = 1A8A3B3B2608E8B400434484 /* DiscoverCategoryViewController.swift */; };
		1A8A3B3E2608E8D200434484 /* DiscoverRecipeViewController.swift in Sources */ = {isa = PBXBuildFile; fileRef = 1A8A3B3D2608E8D200434484 /* DiscoverRecipeViewController.swift */; };
		1A8A3B402608E90B00434484 /* ShoppingListViewController.swift in Sources */ = {isa = PBXBuildFile; fileRef = 1A8A3B3F2608E90B00434484 /* ShoppingListViewController.swift */; };
		1A8A3B422608E94400434484 /* MyRecipesViewController.swift in Sources */ = {isa = PBXBuildFile; fileRef = 1A8A3B412608E94400434484 /* MyRecipesViewController.swift */; };
		1A8A3B442608E96500434484 /* MyRecipesCategoryViewController.swift in Sources */ = {isa = PBXBuildFile; fileRef = 1A8A3B432608E96500434484 /* MyRecipesCategoryViewController.swift */; };
		1A8A3B462608E98800434484 /* MyRecipesRecipeViewController.swift in Sources */ = {isa = PBXBuildFile; fileRef = 1A8A3B452608E98800434484 /* MyRecipesRecipeViewController.swift */; };
		1A8A3B4B2608EEB500434484 /* CategoriesModel.swift in Sources */ = {isa = PBXBuildFile; fileRef = 1A8A3B4A2608EEB500434484 /* CategoriesModel.swift */; };
		1A8A3B4D2608EEE400434484 /* RecipeModel.swift in Sources */ = {isa = PBXBuildFile; fileRef = 1A8A3B4C2608EEE400434484 /* RecipeModel.swift */; };
		1A8A3B4F2608F25900434484 /* RecipeListModel.swift in Sources */ = {isa = PBXBuildFile; fileRef = 1A8A3B4E2608F25900434484 /* RecipeListModel.swift */; };
		1A8A3B512609090800434484 /* Constants.swift in Sources */ = {isa = PBXBuildFile; fileRef = 1A8A3B502609090800434484 /* Constants.swift */; };
		1A8A3B5326090B5E00434484 /* RecipeManager.swift in Sources */ = {isa = PBXBuildFile; fileRef = 1A8A3B5226090B5E00434484 /* RecipeManager.swift */; };
/* End PBXBuildFile section */

/* Begin PBXFileReference section */
		1A8A3B1C2608D1AE00434484 /* Recipea.app */ = {isa = PBXFileReference; explicitFileType = wrapper.application; includeInIndex = 0; path = Recipea.app; sourceTree = BUILT_PRODUCTS_DIR; };
		1A8A3B1F2608D1AE00434484 /* AppDelegate.swift */ = {isa = PBXFileReference; lastKnownFileType = sourcecode.swift; path = AppDelegate.swift; sourceTree = "<group>"; };
		1A8A3B212608D1AE00434484 /* SceneDelegate.swift */ = {isa = PBXFileReference; lastKnownFileType = sourcecode.swift; path = SceneDelegate.swift; sourceTree = "<group>"; };
		1A8A3B232608D1AE00434484 /* RecipeaViewController.swift */ = {isa = PBXFileReference; lastKnownFileType = sourcecode.swift; path = RecipeaViewController.swift; sourceTree = "<group>"; };
		1A8A3B262608D1AE00434484 /* Base */ = {isa = PBXFileReference; lastKnownFileType = file.storyboard; name = Base; path = Base.lproj/Main.storyboard; sourceTree = "<group>"; };
		1A8A3B292608D1AE00434484 /* Recipea.xcdatamodel */ = {isa = PBXFileReference; lastKnownFileType = wrapper.xcdatamodel; path = Recipea.xcdatamodel; sourceTree = "<group>"; };
		1A8A3B2B2608D1B400434484 /* Assets.xcassets */ = {isa = PBXFileReference; lastKnownFileType = folder.assetcatalog; path = Assets.xcassets; sourceTree = "<group>"; };
		1A8A3B2E2608D1B400434484 /* Base */ = {isa = PBXFileReference; lastKnownFileType = file.storyboard; name = Base; path = Base.lproj/LaunchScreen.storyboard; sourceTree = "<group>"; };
		1A8A3B302608D1B400434484 /* Info.plist */ = {isa = PBXFileReference; lastKnownFileType = text.plist.xml; path = Info.plist; sourceTree = "<group>"; };
		1A8A3B392608E88600434484 /* DiscoverViewController.swift */ = {isa = PBXFileReference; lastKnownFileType = sourcecode.swift; path = DiscoverViewController.swift; sourceTree = "<group>"; };
		1A8A3B3B2608E8B400434484 /* DiscoverCategoryViewController.swift */ = {isa = PBXFileReference; lastKnownFileType = sourcecode.swift; path = DiscoverCategoryViewController.swift; sourceTree = "<group>"; };
		1A8A3B3D2608E8D200434484 /* DiscoverRecipeViewController.swift */ = {isa = PBXFileReference; lastKnownFileType = sourcecode.swift; path = DiscoverRecipeViewController.swift; sourceTree = "<group>"; };
		1A8A3B3F2608E90B00434484 /* ShoppingListViewController.swift */ = {isa = PBXFileReference; lastKnownFileType = sourcecode.swift; path = ShoppingListViewController.swift; sourceTree = "<group>"; };
		1A8A3B412608E94400434484 /* MyRecipesViewController.swift */ = {isa = PBXFileReference; lastKnownFileType = sourcecode.swift; path = MyRecipesViewController.swift; sourceTree = "<group>"; };
		1A8A3B432608E96500434484 /* MyRecipesCategoryViewController.swift */ = {isa = PBXFileReference; lastKnownFileType = sourcecode.swift; path = MyRecipesCategoryViewController.swift; sourceTree = "<group>"; };
		1A8A3B452608E98800434484 /* MyRecipesRecipeViewController.swift */ = {isa = PBXFileReference; lastKnownFileType = sourcecode.swift; path = MyRecipesRecipeViewController.swift; sourceTree = "<group>"; };
		1A8A3B4A2608EEB500434484 /* CategoriesModel.swift */ = {isa = PBXFileReference; lastKnownFileType = sourcecode.swift; path = CategoriesModel.swift; sourceTree = "<group>"; };
		1A8A3B4C2608EEE400434484 /* RecipeModel.swift */ = {isa = PBXFileReference; lastKnownFileType = sourcecode.swift; path = RecipeModel.swift; sourceTree = "<group>"; };
		1A8A3B4E2608F25900434484 /* RecipeListModel.swift */ = {isa = PBXFileReference; lastKnownFileType = sourcecode.swift; path = RecipeListModel.swift; sourceTree = "<group>"; };
		1A8A3B502609090800434484 /* Constants.swift */ = {isa = PBXFileReference; lastKnownFileType = sourcecode.swift; path = Constants.swift; sourceTree = "<group>"; };
		1A8A3B5226090B5E00434484 /* RecipeManager.swift */ = {isa = PBXFileReference; lastKnownFileType = sourcecode.swift; path = RecipeManager.swift; sourceTree = "<group>"; };
/* End PBXFileReference section */

/* Begin PBXFrameworksBuildPhase section */
		1A8A3B192608D1AE00434484 /* Frameworks */ = {
			isa = PBXFrameworksBuildPhase;
			buildActionMask = 2147483647;
			files = (
			);
			runOnlyForDeploymentPostprocessing = 0;
		};
/* End PBXFrameworksBuildPhase section */

/* Begin PBXGroup section */
		1A8A3B132608D1AE00434484 = {
			isa = PBXGroup;
			children = (
				1A8A3B1E2608D1AE00434484 /* Recipea */,
				1A8A3B1D2608D1AE00434484 /* Products */,
			);
			sourceTree = "<group>";
		};
		1A8A3B1D2608D1AE00434484 /* Products */ = {
			isa = PBXGroup;
			children = (
				1A8A3B1C2608D1AE00434484 /* Recipea.app */,
			);
			name = Products;
			sourceTree = "<group>";
		};
		1A8A3B1E2608D1AE00434484 /* Recipea */ = {
			isa = PBXGroup;
			children = (
				1A8A3B1F2608D1AE00434484 /* AppDelegate.swift */,
				1A8A3B212608D1AE00434484 /* SceneDelegate.swift */,
				1A8A3B382608D3B200434484 /* Model */,
				1A8A3B362608D3A100434484 /* View */,
				1A8A3B372608D3AB00434484 /* Controller */,
				1A8A3B2B2608D1B400434484 /* Assets.xcassets */,
				1A8A3B2D2608D1B400434484 /* LaunchScreen.storyboard */,
				1A8A3B302608D1B400434484 /* Info.plist */,
				1A8A3B502609090800434484 /* Constants.swift */,
			);
			path = Recipea;
			sourceTree = "<group>";
		};
		1A8A3B362608D3A100434484 /* View */ = {
			isa = PBXGroup;
			children = (
				1A8A3B252608D1AE00434484 /* Main.storyboard */,
			);
			path = View;
			sourceTree = "<group>";
		};
		1A8A3B372608D3AB00434484 /* Controller */ = {
			isa = PBXGroup;
			children = (
				1A8A3B232608D1AE00434484 /* RecipeaViewController.swift */,
				1A8A3B472608E99F00434484 /* Discover */,
				1A8A3B482608E9B400434484 /* MyRecipes */,
				1A8A3B492608E9D400434484 /* ShoppingList */,
			);
			path = Controller;
			sourceTree = "<group>";
		};
		1A8A3B382608D3B200434484 /* Model */ = {
			isa = PBXGroup;
			children = (
				1A8A3B282608D1AE00434484 /* Recipea.xcdatamodeld */,
				1A8A3B4A2608EEB500434484 /* CategoriesModel.swift */,
				1A8A3B4C2608EEE400434484 /* RecipeModel.swift */,
				1A8A3B4E2608F25900434484 /* RecipeListModel.swift */,
				1A8A3B5226090B5E00434484 /* RecipeManager.swift */,
			);
			path = Model;
			sourceTree = "<group>";
		};
		1A8A3B472608E99F00434484 /* Discover */ = {
			isa = PBXGroup;
			children = (
				1A8A3B392608E88600434484 /* DiscoverViewController.swift */,
				1A8A3B3B2608E8B400434484 /* DiscoverCategoryViewController.swift */,
				1A8A3B3D2608E8D200434484 /* DiscoverRecipeViewController.swift */,
			);
			path = Discover;
			sourceTree = "<group>";
		};
		1A8A3B482608E9B400434484 /* MyRecipes */ = {
			isa = PBXGroup;
			children = (
				1A8A3B412608E94400434484 /* MyRecipesViewController.swift */,
				1A8A3B432608E96500434484 /* MyRecipesCategoryViewController.swift */,
				1A8A3B452608E98800434484 /* MyRecipesRecipeViewController.swift */,
			);
			path = MyRecipes;
			sourceTree = "<group>";
		};
		1A8A3B492608E9D400434484 /* ShoppingList */ = {
			isa = PBXGroup;
			children = (
				1A8A3B3F2608E90B00434484 /* ShoppingListViewController.swift */,
			);
			path = ShoppingList;
			sourceTree = "<group>";
		};
/* End PBXGroup section */

/* Begin PBXNativeTarget section */
		1A8A3B1B2608D1AE00434484 /* Recipea */ = {
			isa = PBXNativeTarget;
			buildConfigurationList = 1A8A3B332608D1B400434484 /* Build configuration list for PBXNativeTarget "Recipea" */;
			buildPhases = (
				1A8A3B182608D1AE00434484 /* Sources */,
				1A8A3B192608D1AE00434484 /* Frameworks */,
				1A8A3B1A2608D1AE00434484 /* Resources */,
			);
			buildRules = (
			);
			dependencies = (
			);
			name = Recipea;
			productName = Recipea;
			productReference = 1A8A3B1C2608D1AE00434484 /* Recipea.app */;
			productType = "com.apple.product-type.application";
		};
/* End PBXNativeTarget section */

/* Begin PBXProject section */
		1A8A3B142608D1AE00434484 /* Project object */ = {
			isa = PBXProject;
			attributes = {
				LastSwiftUpdateCheck = 1160;
				LastUpgradeCheck = 1160;
				ORGANIZATIONNAME = "James  Farrell";
				TargetAttributes = {
					1A8A3B1B2608D1AE00434484 = {
						CreatedOnToolsVersion = 11.6;
					};
				};
			};
			buildConfigurationList = 1A8A3B172608D1AE00434484 /* Build configuration list for PBXProject "Recipea" */;
			compatibilityVersion = "Xcode 9.3";
			developmentRegion = en;
			hasScannedForEncodings = 0;
			knownRegions = (
				en,
				Base,
			);
			mainGroup = 1A8A3B132608D1AE00434484;
			productRefGroup = 1A8A3B1D2608D1AE00434484 /* Products */;
			projectDirPath = "";
			projectRoot = "";
			targets = (
				1A8A3B1B2608D1AE00434484 /* Recipea */,
			);
		};
/* End PBXProject section */

/* Begin PBXResourcesBuildPhase section */
		1A8A3B1A2608D1AE00434484 /* Resources */ = {
			isa = PBXResourcesBuildPhase;
			buildActionMask = 2147483647;
			files = (
				1A8A3B2F2608D1B400434484 /* LaunchScreen.storyboard in Resources */,
				1A8A3B2C2608D1B400434484 /* Assets.xcassets in Resources */,
				1A8A3B272608D1AE00434484 /* Main.storyboard in Resources */,
			);
			runOnlyForDeploymentPostprocessing = 0;
		};
/* End PBXResourcesBuildPhase section */

/* Begin PBXSourcesBuildPhase section */
		1A8A3B182608D1AE00434484 /* Sources */ = {
			isa = PBXSourcesBuildPhase;
			buildActionMask = 2147483647;
			files = (
				1A8A3B462608E98800434484 /* MyRecipesRecipeViewController.swift in Sources */,
				1A8A3B5326090B5E00434484 /* RecipeManager.swift in Sources */,
				1A8A3B242608D1AE00434484 /* RecipeaViewController.swift in Sources */,
				1A8A3B2A2608D1AE00434484 /* Recipea.xcdatamodeld in Sources */,
				1A8A3B442608E96500434484 /* MyRecipesCategoryViewController.swift in Sources */,
				1A8A3B202608D1AE00434484 /* AppDelegate.swift in Sources */,
				1A8A3B512609090800434484 /* Constants.swift in Sources */,
				1A8A3B222608D1AE00434484 /* SceneDelegate.swift in Sources */,
				1A8A3B402608E90B00434484 /* ShoppingListViewController.swift in Sources */,
				1A8A3B3A2608E88600434484 /* DiscoverViewController.swift in Sources */,
				1A8A3B4F2608F25900434484 /* RecipeListModel.swift in Sources */,
				1A8A3B422608E94400434484 /* MyRecipesViewController.swift in Sources */,
				1A8A3B3C2608E8B400434484 /* DiscoverCategoryViewController.swift in Sources */,
				1A8A3B4D2608EEE400434484 /* RecipeModel.swift in Sources */,
				1A8A3B3E2608E8D200434484 /* DiscoverRecipeViewController.swift in Sources */,
				1A8A3B4B2608EEB500434484 /* CategoriesModel.swift in Sources */,
			);
			runOnlyForDeploymentPostprocessing = 0;
		};
/* End PBXSourcesBuildPhase section */

/* Begin PBXVariantGroup section */
		1A8A3B252608D1AE00434484 /* Main.storyboard */ = {
			isa = PBXVariantGroup;
			children = (
				1A8A3B262608D1AE00434484 /* Base */,
			);
			name = Main.storyboard;
			sourceTree = "<group>";
		};
		1A8A3B2D2608D1B400434484 /* LaunchScreen.storyboard */ = {
			isa = PBXVariantGroup;
			children = (
				1A8A3B2E2608D1B400434484 /* Base */,
			);
			name = LaunchScreen.storyboard;
			sourceTree = "<group>";
		};
/* End PBXVariantGroup section */

/* Begin XCBuildConfiguration section */
		1A8A3B312608D1B400434484 /* Debug */ = {
			isa = XCBuildConfiguration;
			buildSettings = {
				ALWAYS_SEARCH_USER_PATHS = NO;
				CLANG_ANALYZER_NONNULL = YES;
				CLANG_ANALYZER_NUMBER_OBJECT_CONVERSION = YES_AGGRESSIVE;
				CLANG_CXX_LANGUAGE_STANDARD = "gnu++14";
				CLANG_CXX_LIBRARY = "libc++";
				CLANG_ENABLE_MODULES = YES;
				CLANG_ENABLE_OBJC_ARC = YES;
				CLANG_ENABLE_OBJC_WEAK = YES;
				CLANG_WARN_BLOCK_CAPTURE_AUTORELEASING = YES;
				CLANG_WARN_BOOL_CONVERSION = YES;
				CLANG_WARN_COMMA = YES;
				CLANG_WARN_CONSTANT_CONVERSION = YES;
				CLANG_WARN_DEPRECATED_OBJC_IMPLEMENTATIONS = YES;
				CLANG_WARN_DIRECT_OBJC_ISA_USAGE = YES_ERROR;
				CLANG_WARN_DOCUMENTATION_COMMENTS = YES;
				CLANG_WARN_EMPTY_BODY = YES;
				CLANG_WARN_ENUM_CONVERSION = YES;
				CLANG_WARN_INFINITE_RECURSION = YES;
				CLANG_WARN_INT_CONVERSION = YES;
				CLANG_WARN_NON_LITERAL_NULL_CONVERSION = YES;
				CLANG_WARN_OBJC_IMPLICIT_RETAIN_SELF = YES;
				CLANG_WARN_OBJC_LITERAL_CONVERSION = YES;
				CLANG_WARN_OBJC_ROOT_CLASS = YES_ERROR;
				CLANG_WARN_RANGE_LOOP_ANALYSIS = YES;
				CLANG_WARN_STRICT_PROTOTYPES = YES;
				CLANG_WARN_SUSPICIOUS_MOVE = YES;
				CLANG_WARN_UNGUARDED_AVAILABILITY = YES_AGGRESSIVE;
				CLANG_WARN_UNREACHABLE_CODE = YES;
				CLANG_WARN__DUPLICATE_METHOD_MATCH = YES;
				COPY_PHASE_STRIP = NO;
				DEBUG_INFORMATION_FORMAT = dwarf;
				ENABLE_STRICT_OBJC_MSGSEND = YES;
				ENABLE_TESTABILITY = YES;
				GCC_C_LANGUAGE_STANDARD = gnu11;
				GCC_DYNAMIC_NO_PIC = NO;
				GCC_NO_COMMON_BLOCKS = YES;
				GCC_OPTIMIZATION_LEVEL = 0;
				GCC_PREPROCESSOR_DEFINITIONS = (
					"DEBUG=1",
					"$(inherited)",
				);
				GCC_WARN_64_TO_32_BIT_CONVERSION = YES;
				GCC_WARN_ABOUT_RETURN_TYPE = YES_ERROR;
				GCC_WARN_UNDECLARED_SELECTOR = YES;
				GCC_WARN_UNINITIALIZED_AUTOS = YES_AGGRESSIVE;
				GCC_WARN_UNUSED_FUNCTION = YES;
				GCC_WARN_UNUSED_VARIABLE = YES;
				IPHONEOS_DEPLOYMENT_TARGET = 13.6;
				MTL_ENABLE_DEBUG_INFO = INCLUDE_SOURCE;
				MTL_FAST_MATH = YES;
				ONLY_ACTIVE_ARCH = YES;
				SDKROOT = iphoneos;
				SWIFT_ACTIVE_COMPILATION_CONDITIONS = DEBUG;
				SWIFT_OPTIMIZATION_LEVEL = "-Onone";
			};
			name = Debug;
		};
		1A8A3B322608D1B400434484 /* Release */ = {
			isa = XCBuildConfiguration;
			buildSettings = {
				ALWAYS_SEARCH_USER_PATHS = NO;
				CLANG_ANALYZER_NONNULL = YES;
				CLANG_ANALYZER_NUMBER_OBJECT_CONVERSION = YES_AGGRESSIVE;
				CLANG_CXX_LANGUAGE_STANDARD = "gnu++14";
				CLANG_CXX_LIBRARY = "libc++";
				CLANG_ENABLE_MODULES = YES;
				CLANG_ENABLE_OBJC_ARC = YES;
				CLANG_ENABLE_OBJC_WEAK = YES;
				CLANG_WARN_BLOCK_CAPTURE_AUTORELEASING = YES;
				CLANG_WARN_BOOL_CONVERSION = YES;
				CLANG_WARN_COMMA = YES;
				CLANG_WARN_CONSTANT_CONVERSION = YES;
				CLANG_WARN_DEPRECATED_OBJC_IMPLEMENTATIONS = YES;
				CLANG_WARN_DIRECT_OBJC_ISA_USAGE = YES_ERROR;
				CLANG_WARN_DOCUMENTATION_COMMENTS = YES;
				CLANG_WARN_EMPTY_BODY = YES;
				CLANG_WARN_ENUM_CONVERSION = YES;
				CLANG_WARN_INFINITE_RECURSION = YES;
				CLANG_WARN_INT_CONVERSION = YES;
				CLANG_WARN_NON_LITERAL_NULL_CONVERSION = YES;
				CLANG_WARN_OBJC_IMPLICIT_RETAIN_SELF = YES;
				CLANG_WARN_OBJC_LITERAL_CONVERSION = YES;
				CLANG_WARN_OBJC_ROOT_CLASS = YES_ERROR;
				CLANG_WARN_RANGE_LOOP_ANALYSIS = YES;
				CLANG_WARN_STRICT_PROTOTYPES = YES;
				CLANG_WARN_SUSPICIOUS_MOVE = YES;
				CLANG_WARN_UNGUARDED_AVAILABILITY = YES_AGGRESSIVE;
				CLANG_WARN_UNREACHABLE_CODE = YES;
				CLANG_WARN__DUPLICATE_METHOD_MATCH = YES;
				COPY_PHASE_STRIP = NO;
				DEBUG_INFORMATION_FORMAT = "dwarf-with-dsym";
				ENABLE_NS_ASSERTIONS = NO;
				ENABLE_STRICT_OBJC_MSGSEND = YES;
				GCC_C_LANGUAGE_STANDARD = gnu11;
				GCC_NO_COMMON_BLOCKS = YES;
				GCC_WARN_64_TO_32_BIT_CONVERSION = YES;
				GCC_WARN_ABOUT_RETURN_TYPE = YES_ERROR;
				GCC_WARN_UNDECLARED_SELECTOR = YES;
				GCC_WARN_UNINITIALIZED_AUTOS = YES_AGGRESSIVE;
				GCC_WARN_UNUSED_FUNCTION = YES;
				GCC_WARN_UNUSED_VARIABLE = YES;
				IPHONEOS_DEPLOYMENT_TARGET = 13.6;
				MTL_ENABLE_DEBUG_INFO = NO;
				MTL_FAST_MATH = YES;
				SDKROOT = iphoneos;
				SWIFT_COMPILATION_MODE = wholemodule;
				SWIFT_OPTIMIZATION_LEVEL = "-O";
				VALIDATE_PRODUCT = YES;
			};
			name = Release;
		};
		1A8A3B342608D1B400434484 /* Debug */ = {
			isa = XCBuildConfiguration;
			buildSettings = {
				ASSETCATALOG_COMPILER_APPICON_NAME = AppIcon;
				CODE_SIGN_STYLE = Automatic;
				DEVELOPMENT_TEAM = 2KF74FAWF2;
				INFOPLIST_FILE = Recipea/Info.plist;
				LD_RUNPATH_SEARCH_PATHS = (
					"$(inherited)",
					"@executable_path/Frameworks",
				);
				PRODUCT_BUNDLE_IDENTIFIER = uk.co.jamesfarrell.Recipea;
				PRODUCT_NAME = "$(TARGET_NAME)";
				SWIFT_VERSION = 5.0;
				TARGETED_DEVICE_FAMILY = "1,2";
			};
			name = Debug;
		};
		1A8A3B352608D1B400434484 /* Release */ = {
			isa = XCBuildConfiguration;
			buildSettings = {
				ASSETCATALOG_COMPILER_APPICON_NAME = AppIcon;
				CODE_SIGN_STYLE = Automatic;
				DEVELOPMENT_TEAM = 2KF74FAWF2;
				INFOPLIST_FILE = Recipea/Info.plist;
				LD_RUNPATH_SEARCH_PATHS = (
					"$(inherited)",
					"@executable_path/Frameworks",
				);
				PRODUCT_BUNDLE_IDENTIFIER = uk.co.jamesfarrell.Recipea;
				PRODUCT_NAME = "$(TARGET_NAME)";
				SWIFT_VERSION = 5.0;
				TARGETED_DEVICE_FAMILY = "1,2";
			};
			name = Release;
		};
/* End XCBuildConfiguration section */

/* Begin XCConfigurationList section */
		1A8A3B172608D1AE00434484 /* Build configuration list for PBXProject "Recipea" */ = {
			isa = XCConfigurationList;
			buildConfigurations = (
				1A8A3B312608D1B400434484 /* Debug */,
				1A8A3B322608D1B400434484 /* Release */,
			);
			defaultConfigurationIsVisible = 0;
			defaultConfigurationName = Release;
		};
		1A8A3B332608D1B400434484 /* Build configuration list for PBXNativeTarget "Recipea" */ = {
			isa = XCConfigurationList;
			buildConfigurations = (
				1A8A3B342608D1B400434484 /* Debug */,
				1A8A3B352608D1B400434484 /* Release */,
			);
			defaultConfigurationIsVisible = 0;
			defaultConfigurationName = Release;
		};
/* End XCConfigurationList section */

/* Begin XCVersionGroup section */
		1A8A3B282608D1AE00434484 /* Recipea.xcdatamodeld */ = {
			isa = XCVersionGroup;
			children = (
				1A8A3B292608D1AE00434484 /* Recipea.xcdatamodel */,
			);
			currentVersion = 1A8A3B292608D1AE00434484 /* Recipea.xcdatamodel */;
			path = Recipea.xcdatamodeld;
			sourceTree = "<group>";
			versionGroupType = wrapper.xcdatamodel;
		};
/* End XCVersionGroup section */
	};
	rootObject = 1A8A3B142608D1AE00434484 /* Project object */;
}
